
Microsoft Visual Studio Solution File, Format Version 12.00
# Visual Studio 14
VisualStudioVersion = 14.0.25420.1
MinimumVisualStudioVersion = 10.0.40219.1
Project("{8BB2217D-0F2D-49D1-97BC-3654ED321F3B}") = "HBoop.Web", "HBoop.Web\HBoop.Web.xproj", "{819FBA47-94C8-4B08-9329-027798EBEBA2}"
EndProject
Project("{FAE04EC0-301F-11D3-BF4B-00C04F79EFBC}") = "HBoop.DataAccess.Bson", "HBoop.DataAccess.Bson\HBoop.DataAccess.Bson.csproj", "{30A98E08-F317-413F-B3AA-8E55E7148C29}"
EndProject
Project("{2150E333-8FDC-42A3-9474-1A3956D46DE8}") = "SAMPLEDATA", "SAMPLEDATA", "{FFD0FC10-37B8-4D86-BD3B-7F898AD8CB29}"
	ProjectSection(SolutionItems) = preProject
		MongoJs\AffiliateSample.js = MongoJs\AffiliateSample.js
		MongoJs\BeneficiarySample.js = MongoJs\BeneficiarySample.js
		MongoJs\CommentSample.js = MongoJs\CommentSample.js
		MessageSample.js = MessageSample.js
		MongoJs\OrderDetailSample.js = MongoJs\OrderDetailSample.js
		MongoJs\OrderSample.js = MongoJs\OrderSample.js
		MongoJs\PersonSample.js = MongoJs\PersonSample.js
		MongoJs\ProductCategorySample.js = MongoJs\ProductCategorySample.js
		MongoJs\ProductSample.js = MongoJs\ProductSample.js
		MongoJs\StoreSample.js = MongoJs\StoreSample.js
		MongoJs\UserSample.js = MongoJs\UserSample.js
	EndProjectSection
EndProject
Project("{FAE04EC0-301F-11D3-BF4B-00C04F79EFBC}") = "HBoop.Model.Bson", "HBoop.Model.Bson\HBoop.Model.Bson.csproj", "{4B0CD554-47CA-465A-8BFB-E5973E07199D}"
EndProject
Project("{8BB2217D-0F2D-49D1-97BC-3654ED321F3B}") = "HBoop.Api", "HBoop.Api\HBoop.Api.xproj", "{B602A9C6-0CF0-45D4-A937-9E04AD195BA8}"
EndProject
Project("{2150E333-8FDC-42A3-9474-1A3956D46DE8}") = "TEST", "TEST", "{EF81858F-5696-444D-8379-C5C024316BA1}"
EndProject
Project("{2150E333-8FDC-42A3-9474-1A3956D46DE8}") = "MOBILES", "MOBILES", "{8C7BA093-2F8D-46E4-82BA-518301250601}"
EndProject
Project("{2150E333-8FDC-42A3-9474-1A3956D46DE8}") = "WEB", "WEB", "{85E935D6-CB75-4C3A-AADB-7B045EE37E93}"
EndProject
Project("{2150E333-8FDC-42A3-9474-1A3956D46DE8}") = "MOBILE", "MOBILE", "{DE1AC9E8-B550-4C9C-BF65-53774D884912}"
EndProject
Project("{2150E333-8FDC-42A3-9474-1A3956D46DE8}") = "CORE", "CORE", "{3714EB97-59C0-4A7A-B066-4C704A121862}"
EndProject
Project("{FAE04EC0-301F-11D3-BF4B-00C04F79EFBC}") = "HBoop.Mobile.Droid", "HBoop.Mobile\HBoop.Mobile.Droid\HBoop.Mobile.Droid.csproj", "{8D23E70E-DC09-4F44-9699-AAF18E774E4D}"
EndProject
Project("{FAE04EC0-301F-11D3-BF4B-00C04F79EFBC}") = "HBoop.Mobile.iOS", "HBoop.Mobile\HBoop.Mobile.iOS\HBoop.Mobile.iOS.csproj", "{6016EBC6-67C1-4B8C-A4BC-5497A7151197}"
EndProject
Project("{FAE04EC0-301F-11D3-BF4B-00C04F79EFBC}") = "HBoop.Mobile.WinPhone", "HBoop.Mobile\HBoop.Mobile.WinPhone\HBoop.Mobile.WinPhone.csproj", "{6D0F804C-53D4-487A-9A05-FEAD43D6B7FB}"
EndProject
Project("{FAE04EC0-301F-11D3-BF4B-00C04F79EFBC}") = "HBoop.Mobile", "HBoop.Mobile\HBoop.Mobile\HBoop.Mobile.csproj", "{19BC11D7-EF61-4ABC-863C-5E69C3DC487C}"
EndProject
Project("{FAE04EC0-301F-11D3-BF4B-00C04F79EFBC}") = "HBoop.Business.Layer", "HBoop.BusinessLayer\HBoop.Business.Layer.csproj", "{69F4DE38-3AEB-4FD4-8C85-53B077BC7D95}"
EndProject
Global
	GlobalSection(SolutionConfigurationPlatforms) = preSolution
		Debug|Any CPU = Debug|Any CPU
		Debug|ARM = Debug|ARM
		Debug|iPhone = Debug|iPhone
		Debug|iPhoneSimulator = Debug|iPhoneSimulator
		Debug|x86 = Debug|x86
		Release|Any CPU = Release|Any CPU
		Release|ARM = Release|ARM
		Release|iPhone = Release|iPhone
		Release|iPhoneSimulator = Release|iPhoneSimulator
		Release|x86 = Release|x86
	EndGlobalSection
	GlobalSection(ProjectConfigurationPlatforms) = postSolution
		{819FBA47-94C8-4B08-9329-027798EBEBA2}.Debug|Any CPU.ActiveCfg = Debug|Any CPU
		{819FBA47-94C8-4B08-9329-027798EBEBA2}.Debug|Any CPU.Build.0 = Debug|Any CPU
		{819FBA47-94C8-4B08-9329-027798EBEBA2}.Debug|ARM.ActiveCfg = Debug|Any CPU
		{819FBA47-94C8-4B08-9329-027798EBEBA2}.Debug|ARM.Build.0 = Debug|Any CPU
		{819FBA47-94C8-4B08-9329-027798EBEBA2}.Debug|iPhone.ActiveCfg = Debug|Any CPU
		{819FBA47-94C8-4B08-9329-027798EBEBA2}.Debug|iPhone.Build.0 = Debug|Any CPU
		{819FBA47-94C8-4B08-9329-027798EBEBA2}.Debug|iPhoneSimulator.ActiveCfg = Debug|Any CPU
		{819FBA47-94C8-4B08-9329-027798EBEBA2}.Debug|iPhoneSimulator.Build.0 = Debug|Any CPU
		{819FBA47-94C8-4B08-9329-027798EBEBA2}.Debug|x86.ActiveCfg = Debug|Any CPU
		{819FBA47-94C8-4B08-9329-027798EBEBA2}.Debug|x86.Build.0 = Debug|Any CPU
		{819FBA47-94C8-4B08-9329-027798EBEBA2}.Release|Any CPU.ActiveCfg = Release|Any CPU
		{819FBA47-94C8-4B08-9329-027798EBEBA2}.Release|Any CPU.Build.0 = Release|Any CPU
		{819FBA47-94C8-4B08-9329-027798EBEBA2}.Release|ARM.ActiveCfg = Release|Any CPU
		{819FBA47-94C8-4B08-9329-027798EBEBA2}.Release|ARM.Build.0 = Release|Any CPU
		{819FBA47-94C8-4B08-9329-027798EBEBA2}.Release|iPhone.ActiveCfg = Release|Any CPU
		{819FBA47-94C8-4B08-9329-027798EBEBA2}.Release|iPhone.Build.0 = Release|Any CPU
		{819FBA47-94C8-4B08-9329-027798EBEBA2}.Release|iPhoneSimulator.ActiveCfg = Release|Any CPU
		{819FBA47-94C8-4B08-9329-027798EBEBA2}.Release|iPhoneSimulator.Build.0 = Release|Any CPU
		{819FBA47-94C8-4B08-9329-027798EBEBA2}.Release|x86.ActiveCfg = Release|Any CPU
		{819FBA47-94C8-4B08-9329-027798EBEBA2}.Release|x86.Build.0 = Release|Any CPU
		{30A98E08-F317-413F-B3AA-8E55E7148C29}.Debug|Any CPU.ActiveCfg = Debug|Any CPU
		{30A98E08-F317-413F-B3AA-8E55E7148C29}.Debug|Any CPU.Build.0 = Debug|Any CPU
		{30A98E08-F317-413F-B3AA-8E55E7148C29}.Debug|ARM.ActiveCfg = Debug|Any CPU
		{30A98E08-F317-413F-B3AA-8E55E7148C29}.Debug|ARM.Build.0 = Debug|Any CPU
		{30A98E08-F317-413F-B3AA-8E55E7148C29}.Debug|iPhone.ActiveCfg = Debug|Any CPU
		{30A98E08-F317-413F-B3AA-8E55E7148C29}.Debug|iPhone.Build.0 = Debug|Any CPU
		{30A98E08-F317-413F-B3AA-8E55E7148C29}.Debug|iPhoneSimulator.ActiveCfg = Debug|Any CPU
		{30A98E08-F317-413F-B3AA-8E55E7148C29}.Debug|iPhoneSimulator.Build.0 = Debug|Any CPU
		{30A98E08-F317-413F-B3AA-8E55E7148C29}.Debug|x86.ActiveCfg = Debug|Any CPU
		{30A98E08-F317-413F-B3AA-8E55E7148C29}.Debug|x86.Build.0 = Debug|Any CPU
		{30A98E08-F317-413F-B3AA-8E55E7148C29}.Release|Any CPU.ActiveCfg = Release|Any CPU
		{30A98E08-F317-413F-B3AA-8E55E7148C29}.Release|Any CPU.Build.0 = Release|Any CPU
		{30A98E08-F317-413F-B3AA-8E55E7148C29}.Release|ARM.ActiveCfg = Release|Any CPU
		{30A98E08-F317-413F-B3AA-8E55E7148C29}.Release|ARM.Build.0 = Release|Any CPU
		{30A98E08-F317-413F-B3AA-8E55E7148C29}.Release|iPhone.ActiveCfg = Release|Any CPU
		{30A98E08-F317-413F-B3AA-8E55E7148C29}.Release|iPhone.Build.0 = Release|Any CPU
		{30A98E08-F317-413F-B3AA-8E55E7148C29}.Release|iPhoneSimulator.ActiveCfg = Release|Any CPU
		{30A98E08-F317-413F-B3AA-8E55E7148C29}.Release|iPhoneSimulator.Build.0 = Release|Any CPU
		{30A98E08-F317-413F-B3AA-8E55E7148C29}.Release|x86.ActiveCfg = Release|Any CPU
		{30A98E08-F317-413F-B3AA-8E55E7148C29}.Release|x86.Build.0 = Release|Any CPU
		{4B0CD554-47CA-465A-8BFB-E5973E07199D}.Debug|Any CPU.ActiveCfg = Debug|Any CPU
		{4B0CD554-47CA-465A-8BFB-E5973E07199D}.Debug|Any CPU.Build.0 = Debug|Any CPU
		{4B0CD554-47CA-465A-8BFB-E5973E07199D}.Debug|ARM.ActiveCfg = Debug|Any CPU
		{4B0CD554-47CA-465A-8BFB-E5973E07199D}.Debug|ARM.Build.0 = Debug|Any CPU
		{4B0CD554-47CA-465A-8BFB-E5973E07199D}.Debug|iPhone.ActiveCfg = Debug|Any CPU
		{4B0CD554-47CA-465A-8BFB-E5973E07199D}.Debug|iPhone.Build.0 = Debug|Any CPU
		{4B0CD554-47CA-465A-8BFB-E5973E07199D}.Debug|iPhoneSimulator.ActiveCfg = Debug|Any CPU
		{4B0CD554-47CA-465A-8BFB-E5973E07199D}.Debug|iPhoneSimulator.Build.0 = Debug|Any CPU
		{4B0CD554-47CA-465A-8BFB-E5973E07199D}.Debug|x86.ActiveCfg = Debug|Any CPU
		{4B0CD554-47CA-465A-8BFB-E5973E07199D}.Debug|x86.Build.0 = Debug|Any CPU
		{4B0CD554-47CA-465A-8BFB-E5973E07199D}.Release|Any CPU.ActiveCfg = Release|Any CPU
		{4B0CD554-47CA-465A-8BFB-E5973E07199D}.Release|Any CPU.Build.0 = Release|Any CPU
		{4B0CD554-47CA-465A-8BFB-E5973E07199D}.Release|ARM.ActiveCfg = Release|Any CPU
		{4B0CD554-47CA-465A-8BFB-E5973E07199D}.Release|ARM.Build.0 = Release|Any CPU
		{4B0CD554-47CA-465A-8BFB-E5973E07199D}.Release|iPhone.ActiveCfg = Release|Any CPU
		{4B0CD554-47CA-465A-8BFB-E5973E07199D}.Release|iPhone.Build.0 = Release|Any CPU
		{4B0CD554-47CA-465A-8BFB-E5973E07199D}.Release|iPhoneSimulator.ActiveCfg = Release|Any CPU
		{4B0CD554-47CA-465A-8BFB-E5973E07199D}.Release|iPhoneSimulator.Build.0 = Release|Any CPU
		{4B0CD554-47CA-465A-8BFB-E5973E07199D}.Release|x86.ActiveCfg = Release|Any CPU
		{4B0CD554-47CA-465A-8BFB-E5973E07199D}.Release|x86.Build.0 = Release|Any CPU
		{B602A9C6-0CF0-45D4-A937-9E04AD195BA8}.Debug|Any CPU.ActiveCfg = Debug|Any CPU
		{B602A9C6-0CF0-45D4-A937-9E04AD195BA8}.Debug|Any CPU.Build.0 = Debug|Any CPU
		{B602A9C6-0CF0-45D4-A937-9E04AD195BA8}.Debug|ARM.ActiveCfg = Debug|Any CPU
		{B602A9C6-0CF0-45D4-A937-9E04AD195BA8}.Debug|ARM.Build.0 = Debug|Any CPU
		{B602A9C6-0CF0-45D4-A937-9E04AD195BA8}.Debug|iPhone.ActiveCfg = Debug|Any CPU
		{B602A9C6-0CF0-45D4-A937-9E04AD195BA8}.Debug|iPhone.Build.0 = Debug|Any CPU
		{B602A9C6-0CF0-45D4-A937-9E04AD195BA8}.Debug|iPhoneSimulator.ActiveCfg = Debug|Any CPU
		{B602A9C6-0CF0-45D4-A937-9E04AD195BA8}.Debug|iPhoneSimulator.Build.0 = Debug|Any CPU
		{B602A9C6-0CF0-45D4-A937-9E04AD195BA8}.Debug|x86.ActiveCfg = Debug|Any CPU
		{B602A9C6-0CF0-45D4-A937-9E04AD195BA8}.Debug|x86.Build.0 = Debug|Any CPU
		{B602A9C6-0CF0-45D4-A937-9E04AD195BA8}.Release|Any CPU.ActiveCfg = Release|Any CPU
		{B602A9C6-0CF0-45D4-A937-9E04AD195BA8}.Release|Any CPU.Build.0 = Release|Any CPU
		{B602A9C6-0CF0-45D4-A937-9E04AD195BA8}.Release|ARM.ActiveCfg = Release|Any CPU
		{B602A9C6-0CF0-45D4-A937-9E04AD195BA8}.Release|ARM.Build.0 = Release|Any CPU
		{B602A9C6-0CF0-45D4-A937-9E04AD195BA8}.Release|iPhone.ActiveCfg = Release|Any CPU
		{B602A9C6-0CF0-45D4-A937-9E04AD195BA8}.Release|iPhone.Build.0 = Release|Any CPU
		{B602A9C6-0CF0-45D4-A937-9E04AD195BA8}.Release|iPhoneSimulator.ActiveCfg = Release|Any CPU
		{B602A9C6-0CF0-45D4-A937-9E04AD195BA8}.Release|iPhoneSimulator.Build.0 = Release|Any CPU
		{B602A9C6-0CF0-45D4-A937-9E04AD195BA8}.Release|x86.ActiveCfg = Release|Any CPU
		{B602A9C6-0CF0-45D4-A937-9E04AD195BA8}.Release|x86.Build.0 = Release|Any CPU
		{8D23E70E-DC09-4F44-9699-AAF18E774E4D}.Debug|Any CPU.ActiveCfg = Debug|Any CPU
		{8D23E70E-DC09-4F44-9699-AAF18E774E4D}.Debug|Any CPU.Build.0 = Debug|Any CPU
		{8D23E70E-DC09-4F44-9699-AAF18E774E4D}.Debug|Any CPU.Deploy.0 = Debug|Any CPU
		{8D23E70E-DC09-4F44-9699-AAF18E774E4D}.Debug|ARM.ActiveCfg = Debug|Any CPU
		{8D23E70E-DC09-4F44-9699-AAF18E774E4D}.Debug|ARM.Build.0 = Debug|Any CPU
		{8D23E70E-DC09-4F44-9699-AAF18E774E4D}.Debug|ARM.Deploy.0 = Debug|Any CPU
		{8D23E70E-DC09-4F44-9699-AAF18E774E4D}.Debug|iPhone.ActiveCfg = Debug|Any CPU
		{8D23E70E-DC09-4F44-9699-AAF18E774E4D}.Debug|iPhone.Build.0 = Debug|Any CPU
		{8D23E70E-DC09-4F44-9699-AAF18E774E4D}.Debug|iPhone.Deploy.0 = Debug|Any CPU
		{8D23E70E-DC09-4F44-9699-AAF18E774E4D}.Debug|iPhoneSimulator.ActiveCfg = Debug|Any CPU
		{8D23E70E-DC09-4F44-9699-AAF18E774E4D}.Debug|iPhoneSimulator.Build.0 = Debug|Any CPU
		{8D23E70E-DC09-4F44-9699-AAF18E774E4D}.Debug|iPhoneSimulator.Deploy.0 = Debug|Any CPU
		{8D23E70E-DC09-4F44-9699-AAF18E774E4D}.Debug|x86.ActiveCfg = Debug|Any CPU
		{8D23E70E-DC09-4F44-9699-AAF18E774E4D}.Debug|x86.Build.0 = Debug|Any CPU
		{8D23E70E-DC09-4F44-9699-AAF18E774E4D}.Debug|x86.Deploy.0 = Debug|Any CPU
		{8D23E70E-DC09-4F44-9699-AAF18E774E4D}.Release|Any CPU.ActiveCfg = Release|Any CPU
		{8D23E70E-DC09-4F44-9699-AAF18E774E4D}.Release|Any CPU.Build.0 = Release|Any CPU
		{8D23E70E-DC09-4F44-9699-AAF18E774E4D}.Release|Any CPU.Deploy.0 = Release|Any CPU
		{8D23E70E-DC09-4F44-9699-AAF18E774E4D}.Release|ARM.ActiveCfg = Release|Any CPU
		{8D23E70E-DC09-4F44-9699-AAF18E774E4D}.Release|ARM.Build.0 = Release|Any CPU
		{8D23E70E-DC09-4F44-9699-AAF18E774E4D}.Release|ARM.Deploy.0 = Release|Any CPU
		{8D23E70E-DC09-4F44-9699-AAF18E774E4D}.Release|iPhone.ActiveCfg = Release|Any CPU
		{8D23E70E-DC09-4F44-9699-AAF18E774E4D}.Release|iPhone.Build.0 = Release|Any CPU
		{8D23E70E-DC09-4F44-9699-AAF18E774E4D}.Release|iPhone.Deploy.0 = Release|Any CPU
		{8D23E70E-DC09-4F44-9699-AAF18E774E4D}.Release|iPhoneSimulator.ActiveCfg = Release|Any CPU
		{8D23E70E-DC09-4F44-9699-AAF18E774E4D}.Release|iPhoneSimulator.Build.0 = Release|Any CPU
		{8D23E70E-DC09-4F44-9699-AAF18E774E4D}.Release|iPhoneSimulator.Deploy.0 = Release|Any CPU
		{8D23E70E-DC09-4F44-9699-AAF18E774E4D}.Release|x86.ActiveCfg = Release|Any CPU
		{8D23E70E-DC09-4F44-9699-AAF18E774E4D}.Release|x86.Build.0 = Release|Any CPU
		{8D23E70E-DC09-4F44-9699-AAF18E774E4D}.Release|x86.Deploy.0 = Release|Any CPU
		{6016EBC6-67C1-4B8C-A4BC-5497A7151197}.Debug|Any CPU.ActiveCfg = Debug|iPhone
		{6016EBC6-67C1-4B8C-A4BC-5497A7151197}.Debug|ARM.ActiveCfg = Debug|iPhone
		{6016EBC6-67C1-4B8C-A4BC-5497A7151197}.Debug|iPhone.ActiveCfg = Debug|iPhone
		{6016EBC6-67C1-4B8C-A4BC-5497A7151197}.Debug|iPhone.Build.0 = Debug|iPhone
		{6016EBC6-67C1-4B8C-A4BC-5497A7151197}.Debug|iPhoneSimulator.ActiveCfg = Debug|iPhoneSimulator
		{6016EBC6-67C1-4B8C-A4BC-5497A7151197}.Debug|iPhoneSimulator.Build.0 = Debug|iPhoneSimulator
		{6016EBC6-67C1-4B8C-A4BC-5497A7151197}.Debug|x86.ActiveCfg = Debug|iPhone
		{6016EBC6-67C1-4B8C-A4BC-5497A7151197}.Release|Any CPU.ActiveCfg = Release|iPhone
		{6016EBC6-67C1-4B8C-A4BC-5497A7151197}.Release|ARM.ActiveCfg = Release|iPhone
		{6016EBC6-67C1-4B8C-A4BC-5497A7151197}.Release|iPhone.ActiveCfg = Release|iPhone
		{6016EBC6-67C1-4B8C-A4BC-5497A7151197}.Release|iPhone.Build.0 = Release|iPhone
		{6016EBC6-67C1-4B8C-A4BC-5497A7151197}.Release|iPhoneSimulator.ActiveCfg = Release|iPhoneSimulator
		{6016EBC6-67C1-4B8C-A4BC-5497A7151197}.Release|iPhoneSimulator.Build.0 = Release|iPhoneSimulator
		{6016EBC6-67C1-4B8C-A4BC-5497A7151197}.Release|x86.ActiveCfg = Release|iPhone
		{6D0F804C-53D4-487A-9A05-FEAD43D6B7FB}.Debug|Any CPU.ActiveCfg = Debug|Any CPU
		{6D0F804C-53D4-487A-9A05-FEAD43D6B7FB}.Debug|Any CPU.Build.0 = Debug|Any CPU
		{6D0F804C-53D4-487A-9A05-FEAD43D6B7FB}.Debug|Any CPU.Deploy.0 = Debug|Any CPU
		{6D0F804C-53D4-487A-9A05-FEAD43D6B7FB}.Debug|ARM.ActiveCfg = Debug|ARM
		{6D0F804C-53D4-487A-9A05-FEAD43D6B7FB}.Debug|ARM.Build.0 = Debug|ARM
		{6D0F804C-53D4-487A-9A05-FEAD43D6B7FB}.Debug|ARM.Deploy.0 = Debug|ARM
		{6D0F804C-53D4-487A-9A05-FEAD43D6B7FB}.Debug|iPhone.ActiveCfg = Debug|Any CPU
		{6D0F804C-53D4-487A-9A05-FEAD43D6B7FB}.Debug|iPhone.Build.0 = Debug|Any CPU
		{6D0F804C-53D4-487A-9A05-FEAD43D6B7FB}.Debug|iPhone.Deploy.0 = Debug|Any CPU
		{6D0F804C-53D4-487A-9A05-FEAD43D6B7FB}.Debug|iPhoneSimulator.ActiveCfg = Debug|Any CPU
		{6D0F804C-53D4-487A-9A05-FEAD43D6B7FB}.Debug|iPhoneSimulator.Build.0 = Debug|Any CPU
		{6D0F804C-53D4-487A-9A05-FEAD43D6B7FB}.Debug|iPhoneSimulator.Deploy.0 = Debug|Any CPU
		{6D0F804C-53D4-487A-9A05-FEAD43D6B7FB}.Debug|x86.ActiveCfg = Debug|x86
		{6D0F804C-53D4-487A-9A05-FEAD43D6B7FB}.Debug|x86.Build.0 = Debug|x86
		{6D0F804C-53D4-487A-9A05-FEAD43D6B7FB}.Debug|x86.Deploy.0 = Debug|x86
		{6D0F804C-53D4-487A-9A05-FEAD43D6B7FB}.Release|Any CPU.ActiveCfg = Release|Any CPU
		{6D0F804C-53D4-487A-9A05-FEAD43D6B7FB}.Release|Any CPU.Build.0 = Release|Any CPU
		{6D0F804C-53D4-487A-9A05-FEAD43D6B7FB}.Release|Any CPU.Deploy.0 = Release|Any CPU
		{6D0F804C-53D4-487A-9A05-FEAD43D6B7FB}.Release|ARM.ActiveCfg = Release|ARM
		{6D0F804C-53D4-487A-9A05-FEAD43D6B7FB}.Release|ARM.Build.0 = Release|ARM
		{6D0F804C-53D4-487A-9A05-FEAD43D6B7FB}.Release|ARM.Deploy.0 = Release|ARM
		{6D0F804C-53D4-487A-9A05-FEAD43D6B7FB}.Release|iPhone.ActiveCfg = Release|Any CPU
		{6D0F804C-53D4-487A-9A05-FEAD43D6B7FB}.Release|iPhone.Build.0 = Release|Any CPU
		{6D0F804C-53D4-487A-9A05-FEAD43D6B7FB}.Release|iPhone.Deploy.0 = Release|Any CPU
		{6D0F804C-53D4-487A-9A05-FEAD43D6B7FB}.Release|iPhoneSimulator.ActiveCfg = Release|Any CPU
		{6D0F804C-53D4-487A-9A05-FEAD43D6B7FB}.Release|iPhoneSimulator.Build.0 = Release|Any CPU
		{6D0F804C-53D4-487A-9A05-FEAD43D6B7FB}.Release|iPhoneSimulator.Deploy.0 = Release|Any CPU
		{6D0F804C-53D4-487A-9A05-FEAD43D6B7FB}.Release|x86.ActiveCfg = Release|x86
		{6D0F804C-53D4-487A-9A05-FEAD43D6B7FB}.Release|x86.Build.0 = Release|x86
		{6D0F804C-53D4-487A-9A05-FEAD43D6B7FB}.Release|x86.Deploy.0 = Release|x86
		{19BC11D7-EF61-4ABC-863C-5E69C3DC487C}.Debug|Any CPU.ActiveCfg = Debug|Any CPU
		{19BC11D7-EF61-4ABC-863C-5E69C3DC487C}.Debug|Any CPU.Build.0 = Debug|Any CPU
		{19BC11D7-EF61-4ABC-863C-5E69C3DC487C}.Debug|ARM.ActiveCfg = Debug|Any CPU
		{19BC11D7-EF61-4ABC-863C-5E69C3DC487C}.Debug|ARM.Build.0 = Debug|Any CPU
		{19BC11D7-EF61-4ABC-863C-5E69C3DC487C}.Debug|iPhone.ActiveCfg = Debug|Any CPU
		{19BC11D7-EF61-4ABC-863C-5E69C3DC487C}.Debug|iPhone.Build.0 = Debug|Any CPU
		{19BC11D7-EF61-4ABC-863C-5E69C3DC487C}.Debug|iPhoneSimulator.ActiveCfg = Debug|Any CPU
		{19BC11D7-EF61-4ABC-863C-5E69C3DC487C}.Debug|iPhoneSimulator.Build.0 = Debug|Any CPU
		{19BC11D7-EF61-4ABC-863C-5E69C3DC487C}.Debug|x86.ActiveCfg = Debug|Any CPU
		{19BC11D7-EF61-4ABC-863C-5E69C3DC487C}.Debug|x86.Build.0 = Debug|Any CPU
		{19BC11D7-EF61-4ABC-863C-5E69C3DC487C}.Release|Any CPU.ActiveCfg = Release|Any CPU
		{19BC11D7-EF61-4ABC-863C-5E69C3DC487C}.Release|Any CPU.Build.0 = Release|Any CPU
		{19BC11D7-EF61-4ABC-863C-5E69C3DC487C}.Release|ARM.ActiveCfg = Release|Any CPU
		{19BC11D7-EF61-4ABC-863C-5E69C3DC487C}.Release|ARM.Build.0 = Release|Any CPU
		{19BC11D7-EF61-4ABC-863C-5E69C3DC487C}.Release|iPhone.ActiveCfg = Release|Any CPU
		{19BC11D7-EF61-4ABC-863C-5E69C3DC487C}.Release|iPhone.Build.0 = Release|Any CPU
		{19BC11D7-EF61-4ABC-863C-5E69C3DC487C}.Release|iPhoneSimulator.ActiveCfg = Release|Any CPU
		{19BC11D7-EF61-4ABC-863C-5E69C3DC487C}.Release|iPhoneSimulator.Build.0 = Release|Any CPU
		{19BC11D7-EF61-4ABC-863C-5E69C3DC487C}.Release|x86.ActiveCfg = Release|Any CPU
		{19BC11D7-EF61-4ABC-863C-5E69C3DC487C}.Release|x86.Build.0 = Release|Any CPU
		{69F4DE38-3AEB-4FD4-8C85-53B077BC7D95}.Debug|Any CPU.ActiveCfg = Debug|Any CPU
		{69F4DE38-3AEB-4FD4-8C85-53B077BC7D95}.Debug|Any CPU.Build.0 = Debug|Any CPU
		{69F4DE38-3AEB-4FD4-8C85-53B077BC7D95}.Debug|ARM.ActiveCfg = Debug|Any CPU
		{69F4DE38-3AEB-4FD4-8C85-53B077BC7D95}.Debug|ARM.Build.0 = Debug|Any CPU
		{69F4DE38-3AEB-4FD4-8C85-53B077BC7D95}.Debug|iPhone.ActiveCfg = Debug|Any CPU
		{69F4DE38-3AEB-4FD4-8C85-53B077BC7D95}.Debug|iPhone.Build.0 = Debug|Any CPU
		{69F4DE38-3AEB-4FD4-8C85-53B077BC7D95}.Debug|iPhoneSimulator.ActiveCfg = Debug|Any CPU
		{69F4DE38-3AEB-4FD4-8C85-53B077BC7D95}.Debug|iPhoneSimulator.Build.0 = Debug|Any CPU
		{69F4DE38-3AEB-4FD4-8C85-53B077BC7D95}.Debug|x86.ActiveCfg = Debug|Any CPU
		{69F4DE38-3AEB-4FD4-8C85-53B077BC7D95}.Debug|x86.Build.0 = Debug|Any CPU
		{69F4DE38-3AEB-4FD4-8C85-53B077BC7D95}.Release|Any CPU.ActiveCfg = Release|Any CPU
		{69F4DE38-3AEB-4FD4-8C85-53B077BC7D95}.Release|Any CPU.Build.0 = Release|Any CPU
		{69F4DE38-3AEB-4FD4-8C85-53B077BC7D95}.Release|ARM.ActiveCfg = Release|Any CPU
		{69F4DE38-3AEB-4FD4-8C85-53B077BC7D95}.Release|ARM.Build.0 = Release|Any CPU
		{69F4DE38-3AEB-4FD4-8C85-53B077BC7D95}.Release|iPhone.ActiveCfg = Release|Any CPU
		{69F4DE38-3AEB-4FD4-8C85-53B077BC7D95}.Release|iPhone.Build.0 = Release|Any CPU
		{69F4DE38-3AEB-4FD4-8C85-53B077BC7D95}.Release|iPhoneSimulator.ActiveCfg = Release|Any CPU
		{69F4DE38-3AEB-4FD4-8C85-53B077BC7D95}.Release|iPhoneSimulator.Build.0 = Release|Any CPU
		{69F4DE38-3AEB-4FD4-8C85-53B077BC7D95}.Release|x86.ActiveCfg = Release|Any CPU
		{69F4DE38-3AEB-4FD4-8C85-53B077BC7D95}.Release|x86.Build.0 = Release|Any CPU
	EndGlobalSection
	GlobalSection(SolutionProperties) = preSolution
		HideSolutionNode = FALSE
	EndGlobalSection
	GlobalSection(NestedProjects) = preSolution
		{819FBA47-94C8-4B08-9329-027798EBEBA2} = {85E935D6-CB75-4C3A-AADB-7B045EE37E93}
		{30A98E08-F317-413F-B3AA-8E55E7148C29} = {3714EB97-59C0-4A7A-B066-4C704A121862}
		{4B0CD554-47CA-465A-8BFB-E5973E07199D} = {3714EB97-59C0-4A7A-B066-4C704A121862}
		{8D23E70E-DC09-4F44-9699-AAF18E774E4D} = {DE1AC9E8-B550-4C9C-BF65-53774D884912}
		{6016EBC6-67C1-4B8C-A4BC-5497A7151197} = {DE1AC9E8-B550-4C9C-BF65-53774D884912}
		{6D0F804C-53D4-487A-9A05-FEAD43D6B7FB} = {DE1AC9E8-B550-4C9C-BF65-53774D884912}
		{19BC11D7-EF61-4ABC-863C-5E69C3DC487C} = {DE1AC9E8-B550-4C9C-BF65-53774D884912}
		{69F4DE38-3AEB-4FD4-8C85-53B077BC7D95} = {3714EB97-59C0-4A7A-B066-4C704A121862}
	EndGlobalSection
EndGlobal
