
Microsoft Visual Studio Solution File, Format Version 12.00
# Visual Studio 14
VisualStudioVersion = 14.0.25420.1
MinimumVisualStudioVersion = 10.0.40219.1
Project("{FAE04EC0-301F-11D3-BF4B-00C04F79EFBC}") = "HBoop.DataAccess.Bson", "HBoop.DataAccess.Bson\HBoop.DataAccess.Bson.csproj", "{30A98E08-F317-413F-B3AA-8E55E7148C29}"
EndProject
Project("{2150E333-8FDC-42A3-9474-1A3956D46DE8}") = "SAMPLEDATA", "SAMPLEDATA", "{FFD0FC10-37B8-4D86-BD3B-7F898AD8CB29}"
	ProjectSection(SolutionItems) = preProject
		MongoJs\AffiliateSample.js = MongoJs\AffiliateSample.js
		MongoJs\BeneficiarySample.js = MongoJs\BeneficiarySample.js
		MongoJs\CommentSample.js = MongoJs\CommentSample.js
		MessageSample.js = MessageSample.js
		MongoJs\OrderDetailSample.js = MongoJs\OrderDetailSample.js
		MongoJs\OrderSample.js = MongoJs\OrderSample.js
		MongoJs\PersonSample.js = MongoJs\PersonSample.js
		MongoJs\ProductCategorySample.js = MongoJs\ProductCategorySample.js
		MongoJs\ProductSample.js = MongoJs\ProductSample.js
		MongoJs\StoreSample.js = MongoJs\StoreSample.js
		MongoJs\UserSample.js = MongoJs\UserSample.js
	EndProjectSection
EndProject
Project("{FAE04EC0-301F-11D3-BF4B-00C04F79EFBC}") = "HBoop.Model.Bson", "HBoop.Model.Bson\HBoop.Model.Bson.csproj", "{4B0CD554-47CA-465A-8BFB-E5973E07199D}"
EndProject
Project("{8BB2217D-0F2D-49D1-97BC-3654ED321F3B}") = "HBoop.Api", "HBoop.Api\HBoop.Api.xproj", "{B602A9C6-0CF0-45D4-A937-9E04AD195BA8}"
EndProject
Project("{2150E333-8FDC-42A3-9474-1A3956D46DE8}") = "TEST", "TEST", "{EF81858F-5696-444D-8379-C5C024316BA1}"
EndProject
Project("{2150E333-8FDC-42A3-9474-1A3956D46DE8}") = "MOBILES", "MOBILES", "{8C7BA093-2F8D-46E4-82BA-518301250601}"
EndProject
Project("{2150E333-8FDC-42A3-9474-1A3956D46DE8}") = "WEB", "WEB", "{85E935D6-CB75-4C3A-AADB-7B045EE37E93}"
EndProject
Project("{2150E333-8FDC-42A3-9474-1A3956D46DE8}") = "CORE", "CORE", "{3714EB97-59C0-4A7A-B066-4C704A121862}"
EndProject
Project("{FAE04EC0-301F-11D3-BF4B-00C04F79EFBC}") = "HBoop.Business.Layer", "HBoop.BusinessLayer\HBoop.Business.Layer.csproj", "{69F4DE38-3AEB-4FD4-8C85-53B077BC7D95}"
EndProject
Project("{2150E333-8FDC-42A3-9474-1A3956D46DE8}") = "Themes", "Themes", "{5521E157-4203-47CD-8BDC-0CA74E3D7243}"
EndProject
Project("{E24C65DC-7377-472B-9ABA-BC803B73C61A}") = "Hboop.Web.Theme", "Hboop.Web.Theme\", "{7F9CD3C9-E012-42F9-AF71-F40111E4CBFF}"
	ProjectSection(WebsiteProperties) = preProject
		TargetFrameworkMoniker = ".NETFramework,Version%3Dv4.0"
		Debug.AspNetCompiler.VirtualPath = "/localhost_56211"
		Debug.AspNetCompiler.PhysicalPath = "Hboop.Web.Theme\"
		Debug.AspNetCompiler.TargetPath = "PrecompiledWeb\localhost_56211\"
		Debug.AspNetCompiler.Updateable = "true"
		Debug.AspNetCompiler.ForceOverwrite = "true"
		Debug.AspNetCompiler.FixedNames = "false"
		Debug.AspNetCompiler.Debug = "True"
		Release.AspNetCompiler.VirtualPath = "/localhost_56211"
		Release.AspNetCompiler.PhysicalPath = "Hboop.Web.Theme\"
		Release.AspNetCompiler.TargetPath = "PrecompiledWeb\localhost_56211\"
		Release.AspNetCompiler.Updateable = "true"
		Release.AspNetCompiler.ForceOverwrite = "true"
		Release.AspNetCompiler.FixedNames = "false"
		Release.AspNetCompiler.Debug = "False"
		VWDPort = "56211"
		SlnRelativePath = "Hboop.Web.Theme\"
	EndProjectSection
EndProject
Project("{FAE04EC0-301F-11D3-BF4B-00C04F79EFBC}") = "Zasta.Web", "Zasta.Web\Zasta.Web.csproj", "{AA7032DF-A6F0-4C1F-9FA1-59A368416F87}"
EndProject
Project("{2150E333-8FDC-42A3-9474-1A3956D46DE8}") = "V1.0.0", "V1.0.0", "{EABC16B6-CD9C-4296-B630-6DD623E1F33A}"
EndProject
Project("{2150E333-8FDC-42A3-9474-1A3956D46DE8}") = "V1.1.0", "V1.1.0", "{FE6C37E6-347B-4327-AEB2-5F46684AF35C}"
EndProject
Project("{8BB2217D-0F2D-49D1-97BC-3654ED321F3B}") = "HBoop.Jasta.Web", "HBoop.Jasta.Web.\HBoop.Jasta.Web.xproj", "{F5797541-9CD6-4EF3-84DF-2889F7270983}"
EndProject
Global
	GlobalSection(SolutionConfigurationPlatforms) = preSolution
		Debug|Any CPU = Debug|Any CPU
		Debug|ARM = Debug|ARM
		Debug|iPhone = Debug|iPhone
		Debug|iPhoneSimulator = Debug|iPhoneSimulator
		Debug|x86 = Debug|x86
		Release|Any CPU = Release|Any CPU
		Release|ARM = Release|ARM
		Release|iPhone = Release|iPhone
		Release|iPhoneSimulator = Release|iPhoneSimulator
		Release|x86 = Release|x86
	EndGlobalSection
	GlobalSection(ProjectConfigurationPlatforms) = postSolution
		{30A98E08-F317-413F-B3AA-8E55E7148C29}.Debug|Any CPU.ActiveCfg = Debug|Any CPU
		{30A98E08-F317-413F-B3AA-8E55E7148C29}.Debug|Any CPU.Build.0 = Debug|Any CPU
		{30A98E08-F317-413F-B3AA-8E55E7148C29}.Debug|ARM.ActiveCfg = Debug|Any CPU
		{30A98E08-F317-413F-B3AA-8E55E7148C29}.Debug|ARM.Build.0 = Debug|Any CPU
		{30A98E08-F317-413F-B3AA-8E55E7148C29}.Debug|iPhone.ActiveCfg = Debug|Any CPU
		{30A98E08-F317-413F-B3AA-8E55E7148C29}.Debug|iPhone.Build.0 = Debug|Any CPU
		{30A98E08-F317-413F-B3AA-8E55E7148C29}.Debug|iPhoneSimulator.ActiveCfg = Debug|Any CPU
		{30A98E08-F317-413F-B3AA-8E55E7148C29}.Debug|iPhoneSimulator.Build.0 = Debug|Any CPU
		{30A98E08-F317-413F-B3AA-8E55E7148C29}.Debug|x86.ActiveCfg = Debug|Any CPU
		{30A98E08-F317-413F-B3AA-8E55E7148C29}.Debug|x86.Build.0 = Debug|Any CPU
		{30A98E08-F317-413F-B3AA-8E55E7148C29}.Release|Any CPU.ActiveCfg = Release|Any CPU
		{30A98E08-F317-413F-B3AA-8E55E7148C29}.Release|Any CPU.Build.0 = Release|Any CPU
		{30A98E08-F317-413F-B3AA-8E55E7148C29}.Release|ARM.ActiveCfg = Release|Any CPU
		{30A98E08-F317-413F-B3AA-8E55E7148C29}.Release|ARM.Build.0 = Release|Any CPU
		{30A98E08-F317-413F-B3AA-8E55E7148C29}.Release|iPhone.ActiveCfg = Release|Any CPU
		{30A98E08-F317-413F-B3AA-8E55E7148C29}.Release|iPhone.Build.0 = Release|Any CPU
		{30A98E08-F317-413F-B3AA-8E55E7148C29}.Release|iPhoneSimulator.ActiveCfg = Release|Any CPU
		{30A98E08-F317-413F-B3AA-8E55E7148C29}.Release|iPhoneSimulator.Build.0 = Release|Any CPU
		{30A98E08-F317-413F-B3AA-8E55E7148C29}.Release|x86.ActiveCfg = Release|Any CPU
		{30A98E08-F317-413F-B3AA-8E55E7148C29}.Release|x86.Build.0 = Release|Any CPU
		{4B0CD554-47CA-465A-8BFB-E5973E07199D}.Debug|Any CPU.ActiveCfg = Debug|Any CPU
		{4B0CD554-47CA-465A-8BFB-E5973E07199D}.Debug|Any CPU.Build.0 = Debug|Any CPU
		{4B0CD554-47CA-465A-8BFB-E5973E07199D}.Debug|ARM.ActiveCfg = Debug|Any CPU
		{4B0CD554-47CA-465A-8BFB-E5973E07199D}.Debug|ARM.Build.0 = Debug|Any CPU
		{4B0CD554-47CA-465A-8BFB-E5973E07199D}.Debug|iPhone.ActiveCfg = Debug|Any CPU
		{4B0CD554-47CA-465A-8BFB-E5973E07199D}.Debug|iPhone.Build.0 = Debug|Any CPU
		{4B0CD554-47CA-465A-8BFB-E5973E07199D}.Debug|iPhoneSimulator.ActiveCfg = Debug|Any CPU
		{4B0CD554-47CA-465A-8BFB-E5973E07199D}.Debug|iPhoneSimulator.Build.0 = Debug|Any CPU
		{4B0CD554-47CA-465A-8BFB-E5973E07199D}.Debug|x86.ActiveCfg = Debug|Any CPU
		{4B0CD554-47CA-465A-8BFB-E5973E07199D}.Debug|x86.Build.0 = Debug|Any CPU
		{4B0CD554-47CA-465A-8BFB-E5973E07199D}.Release|Any CPU.ActiveCfg = Release|Any CPU
		{4B0CD554-47CA-465A-8BFB-E5973E07199D}.Release|Any CPU.Build.0 = Release|Any CPU
		{4B0CD554-47CA-465A-8BFB-E5973E07199D}.Release|ARM.ActiveCfg = Release|Any CPU
		{4B0CD554-47CA-465A-8BFB-E5973E07199D}.Release|ARM.Build.0 = Release|Any CPU
		{4B0CD554-47CA-465A-8BFB-E5973E07199D}.Release|iPhone.ActiveCfg = Release|Any CPU
		{4B0CD554-47CA-465A-8BFB-E5973E07199D}.Release|iPhone.Build.0 = Release|Any CPU
		{4B0CD554-47CA-465A-8BFB-E5973E07199D}.Release|iPhoneSimulator.ActiveCfg = Release|Any CPU
		{4B0CD554-47CA-465A-8BFB-E5973E07199D}.Release|iPhoneSimulator.Build.0 = Release|Any CPU
		{4B0CD554-47CA-465A-8BFB-E5973E07199D}.Release|x86.ActiveCfg = Release|Any CPU
		{4B0CD554-47CA-465A-8BFB-E5973E07199D}.Release|x86.Build.0 = Release|Any CPU
		{B602A9C6-0CF0-45D4-A937-9E04AD195BA8}.Debug|Any CPU.ActiveCfg = Debug|Any CPU
		{B602A9C6-0CF0-45D4-A937-9E04AD195BA8}.Debug|Any CPU.Build.0 = Debug|Any CPU
		{B602A9C6-0CF0-45D4-A937-9E04AD195BA8}.Debug|ARM.ActiveCfg = Debug|Any CPU
		{B602A9C6-0CF0-45D4-A937-9E04AD195BA8}.Debug|ARM.Build.0 = Debug|Any CPU
		{B602A9C6-0CF0-45D4-A937-9E04AD195BA8}.Debug|iPhone.ActiveCfg = Debug|Any CPU
		{B602A9C6-0CF0-45D4-A937-9E04AD195BA8}.Debug|iPhone.Build.0 = Debug|Any CPU
		{B602A9C6-0CF0-45D4-A937-9E04AD195BA8}.Debug|iPhoneSimulator.ActiveCfg = Debug|Any CPU
		{B602A9C6-0CF0-45D4-A937-9E04AD195BA8}.Debug|iPhoneSimulator.Build.0 = Debug|Any CPU
		{B602A9C6-0CF0-45D4-A937-9E04AD195BA8}.Debug|x86.ActiveCfg = Debug|Any CPU
		{B602A9C6-0CF0-45D4-A937-9E04AD195BA8}.Debug|x86.Build.0 = Debug|Any CPU
		{B602A9C6-0CF0-45D4-A937-9E04AD195BA8}.Release|Any CPU.ActiveCfg = Release|Any CPU
		{B602A9C6-0CF0-45D4-A937-9E04AD195BA8}.Release|Any CPU.Build.0 = Release|Any CPU
		{B602A9C6-0CF0-45D4-A937-9E04AD195BA8}.Release|ARM.ActiveCfg = Release|Any CPU
		{B602A9C6-0CF0-45D4-A937-9E04AD195BA8}.Release|ARM.Build.0 = Release|Any CPU
		{B602A9C6-0CF0-45D4-A937-9E04AD195BA8}.Release|iPhone.ActiveCfg = Release|Any CPU
		{B602A9C6-0CF0-45D4-A937-9E04AD195BA8}.Release|iPhone.Build.0 = Release|Any CPU
		{B602A9C6-0CF0-45D4-A937-9E04AD195BA8}.Release|iPhoneSimulator.ActiveCfg = Release|Any CPU
		{B602A9C6-0CF0-45D4-A937-9E04AD195BA8}.Release|iPhoneSimulator.Build.0 = Release|Any CPU
		{B602A9C6-0CF0-45D4-A937-9E04AD195BA8}.Release|x86.ActiveCfg = Release|Any CPU
		{B602A9C6-0CF0-45D4-A937-9E04AD195BA8}.Release|x86.Build.0 = Release|Any CPU
		{69F4DE38-3AEB-4FD4-8C85-53B077BC7D95}.Debug|Any CPU.ActiveCfg = Debug|Any CPU
		{69F4DE38-3AEB-4FD4-8C85-53B077BC7D95}.Debug|Any CPU.Build.0 = Debug|Any CPU
		{69F4DE38-3AEB-4FD4-8C85-53B077BC7D95}.Debug|ARM.ActiveCfg = Debug|Any CPU
		{69F4DE38-3AEB-4FD4-8C85-53B077BC7D95}.Debug|ARM.Build.0 = Debug|Any CPU
		{69F4DE38-3AEB-4FD4-8C85-53B077BC7D95}.Debug|iPhone.ActiveCfg = Debug|Any CPU
		{69F4DE38-3AEB-4FD4-8C85-53B077BC7D95}.Debug|iPhone.Build.0 = Debug|Any CPU
		{69F4DE38-3AEB-4FD4-8C85-53B077BC7D95}.Debug|iPhoneSimulator.ActiveCfg = Debug|Any CPU
		{69F4DE38-3AEB-4FD4-8C85-53B077BC7D95}.Debug|iPhoneSimulator.Build.0 = Debug|Any CPU
		{69F4DE38-3AEB-4FD4-8C85-53B077BC7D95}.Debug|x86.ActiveCfg = Debug|Any CPU
		{69F4DE38-3AEB-4FD4-8C85-53B077BC7D95}.Debug|x86.Build.0 = Debug|Any CPU
		{69F4DE38-3AEB-4FD4-8C85-53B077BC7D95}.Release|Any CPU.ActiveCfg = Release|Any CPU
		{69F4DE38-3AEB-4FD4-8C85-53B077BC7D95}.Release|Any CPU.Build.0 = Release|Any CPU
		{69F4DE38-3AEB-4FD4-8C85-53B077BC7D95}.Release|ARM.ActiveCfg = Release|Any CPU
		{69F4DE38-3AEB-4FD4-8C85-53B077BC7D95}.Release|ARM.Build.0 = Release|Any CPU
		{69F4DE38-3AEB-4FD4-8C85-53B077BC7D95}.Release|iPhone.ActiveCfg = Release|Any CPU
		{69F4DE38-3AEB-4FD4-8C85-53B077BC7D95}.Release|iPhone.Build.0 = Release|Any CPU
		{69F4DE38-3AEB-4FD4-8C85-53B077BC7D95}.Release|iPhoneSimulator.ActiveCfg = Release|Any CPU
		{69F4DE38-3AEB-4FD4-8C85-53B077BC7D95}.Release|iPhoneSimulator.Build.0 = Release|Any CPU
		{69F4DE38-3AEB-4FD4-8C85-53B077BC7D95}.Release|x86.ActiveCfg = Release|Any CPU
		{69F4DE38-3AEB-4FD4-8C85-53B077BC7D95}.Release|x86.Build.0 = Release|Any CPU
		{7F9CD3C9-E012-42F9-AF71-F40111E4CBFF}.Debug|Any CPU.ActiveCfg = Debug|Any CPU
		{7F9CD3C9-E012-42F9-AF71-F40111E4CBFF}.Debug|Any CPU.Build.0 = Debug|Any CPU
		{7F9CD3C9-E012-42F9-AF71-F40111E4CBFF}.Debug|ARM.ActiveCfg = Debug|Any CPU
		{7F9CD3C9-E012-42F9-AF71-F40111E4CBFF}.Debug|ARM.Build.0 = Debug|Any CPU
		{7F9CD3C9-E012-42F9-AF71-F40111E4CBFF}.Debug|iPhone.ActiveCfg = Debug|Any CPU
		{7F9CD3C9-E012-42F9-AF71-F40111E4CBFF}.Debug|iPhone.Build.0 = Debug|Any CPU
		{7F9CD3C9-E012-42F9-AF71-F40111E4CBFF}.Debug|iPhoneSimulator.ActiveCfg = Debug|Any CPU
		{7F9CD3C9-E012-42F9-AF71-F40111E4CBFF}.Debug|iPhoneSimulator.Build.0 = Debug|Any CPU
		{7F9CD3C9-E012-42F9-AF71-F40111E4CBFF}.Debug|x86.ActiveCfg = Debug|Any CPU
		{7F9CD3C9-E012-42F9-AF71-F40111E4CBFF}.Debug|x86.Build.0 = Debug|Any CPU
		{7F9CD3C9-E012-42F9-AF71-F40111E4CBFF}.Release|Any CPU.ActiveCfg = Debug|Any CPU
		{7F9CD3C9-E012-42F9-AF71-F40111E4CBFF}.Release|Any CPU.Build.0 = Debug|Any CPU
		{7F9CD3C9-E012-42F9-AF71-F40111E4CBFF}.Release|ARM.ActiveCfg = Debug|Any CPU
		{7F9CD3C9-E012-42F9-AF71-F40111E4CBFF}.Release|ARM.Build.0 = Debug|Any CPU
		{7F9CD3C9-E012-42F9-AF71-F40111E4CBFF}.Release|iPhone.ActiveCfg = Debug|Any CPU
		{7F9CD3C9-E012-42F9-AF71-F40111E4CBFF}.Release|iPhone.Build.0 = Debug|Any CPU
		{7F9CD3C9-E012-42F9-AF71-F40111E4CBFF}.Release|iPhoneSimulator.ActiveCfg = Debug|Any CPU
		{7F9CD3C9-E012-42F9-AF71-F40111E4CBFF}.Release|iPhoneSimulator.Build.0 = Debug|Any CPU
		{7F9CD3C9-E012-42F9-AF71-F40111E4CBFF}.Release|x86.ActiveCfg = Debug|Any CPU
		{7F9CD3C9-E012-42F9-AF71-F40111E4CBFF}.Release|x86.Build.0 = Debug|Any CPU
		{AA7032DF-A6F0-4C1F-9FA1-59A368416F87}.Debug|Any CPU.ActiveCfg = Debug|Any CPU
		{AA7032DF-A6F0-4C1F-9FA1-59A368416F87}.Debug|Any CPU.Build.0 = Debug|Any CPU
		{AA7032DF-A6F0-4C1F-9FA1-59A368416F87}.Debug|ARM.ActiveCfg = Debug|Any CPU
		{AA7032DF-A6F0-4C1F-9FA1-59A368416F87}.Debug|ARM.Build.0 = Debug|Any CPU
		{AA7032DF-A6F0-4C1F-9FA1-59A368416F87}.Debug|iPhone.ActiveCfg = Debug|Any CPU
		{AA7032DF-A6F0-4C1F-9FA1-59A368416F87}.Debug|iPhone.Build.0 = Debug|Any CPU
		{AA7032DF-A6F0-4C1F-9FA1-59A368416F87}.Debug|iPhoneSimulator.ActiveCfg = Debug|Any CPU
		{AA7032DF-A6F0-4C1F-9FA1-59A368416F87}.Debug|iPhoneSimulator.Build.0 = Debug|Any CPU
		{AA7032DF-A6F0-4C1F-9FA1-59A368416F87}.Debug|x86.ActiveCfg = Debug|Any CPU
		{AA7032DF-A6F0-4C1F-9FA1-59A368416F87}.Debug|x86.Build.0 = Debug|Any CPU
		{AA7032DF-A6F0-4C1F-9FA1-59A368416F87}.Release|Any CPU.ActiveCfg = Release|Any CPU
		{AA7032DF-A6F0-4C1F-9FA1-59A368416F87}.Release|Any CPU.Build.0 = Release|Any CPU
		{AA7032DF-A6F0-4C1F-9FA1-59A368416F87}.Release|ARM.ActiveCfg = Release|Any CPU
		{AA7032DF-A6F0-4C1F-9FA1-59A368416F87}.Release|ARM.Build.0 = Release|Any CPU
		{AA7032DF-A6F0-4C1F-9FA1-59A368416F87}.Release|iPhone.ActiveCfg = Release|Any CPU
		{AA7032DF-A6F0-4C1F-9FA1-59A368416F87}.Release|iPhone.Build.0 = Release|Any CPU
		{AA7032DF-A6F0-4C1F-9FA1-59A368416F87}.Release|iPhoneSimulator.ActiveCfg = Release|Any CPU
		{AA7032DF-A6F0-4C1F-9FA1-59A368416F87}.Release|iPhoneSimulator.Build.0 = Release|Any CPU
		{AA7032DF-A6F0-4C1F-9FA1-59A368416F87}.Release|x86.ActiveCfg = Release|Any CPU
		{AA7032DF-A6F0-4C1F-9FA1-59A368416F87}.Release|x86.Build.0 = Release|Any CPU
		{F5797541-9CD6-4EF3-84DF-2889F7270983}.Debug|Any CPU.ActiveCfg = Debug|Any CPU
		{F5797541-9CD6-4EF3-84DF-2889F7270983}.Debug|Any CPU.Build.0 = Debug|Any CPU
		{F5797541-9CD6-4EF3-84DF-2889F7270983}.Debug|ARM.ActiveCfg = Debug|Any CPU
		{F5797541-9CD6-4EF3-84DF-2889F7270983}.Debug|ARM.Build.0 = Debug|Any CPU
		{F5797541-9CD6-4EF3-84DF-2889F7270983}.Debug|iPhone.ActiveCfg = Debug|Any CPU
		{F5797541-9CD6-4EF3-84DF-2889F7270983}.Debug|iPhone.Build.0 = Debug|Any CPU
		{F5797541-9CD6-4EF3-84DF-2889F7270983}.Debug|iPhoneSimulator.ActiveCfg = Debug|Any CPU
		{F5797541-9CD6-4EF3-84DF-2889F7270983}.Debug|iPhoneSimulator.Build.0 = Debug|Any CPU
		{F5797541-9CD6-4EF3-84DF-2889F7270983}.Debug|x86.ActiveCfg = Debug|Any CPU
		{F5797541-9CD6-4EF3-84DF-2889F7270983}.Debug|x86.Build.0 = Debug|Any CPU
		{F5797541-9CD6-4EF3-84DF-2889F7270983}.Release|Any CPU.ActiveCfg = Release|Any CPU
		{F5797541-9CD6-4EF3-84DF-2889F7270983}.Release|Any CPU.Build.0 = Release|Any CPU
		{F5797541-9CD6-4EF3-84DF-2889F7270983}.Release|ARM.ActiveCfg = Release|Any CPU
		{F5797541-9CD6-4EF3-84DF-2889F7270983}.Release|ARM.Build.0 = Release|Any CPU
		{F5797541-9CD6-4EF3-84DF-2889F7270983}.Release|iPhone.ActiveCfg = Release|Any CPU
		{F5797541-9CD6-4EF3-84DF-2889F7270983}.Release|iPhone.Build.0 = Release|Any CPU
		{F5797541-9CD6-4EF3-84DF-2889F7270983}.Release|iPhoneSimulator.ActiveCfg = Release|Any CPU
		{F5797541-9CD6-4EF3-84DF-2889F7270983}.Release|iPhoneSimulator.Build.0 = Release|Any CPU
		{F5797541-9CD6-4EF3-84DF-2889F7270983}.Release|x86.ActiveCfg = Release|Any CPU
		{F5797541-9CD6-4EF3-84DF-2889F7270983}.Release|x86.Build.0 = Release|Any CPU
	EndGlobalSection
	GlobalSection(SolutionProperties) = preSolution
		HideSolutionNode = FALSE
	EndGlobalSection
	GlobalSection(NestedProjects) = preSolution
		{30A98E08-F317-413F-B3AA-8E55E7148C29} = {3714EB97-59C0-4A7A-B066-4C704A121862}
		{4B0CD554-47CA-465A-8BFB-E5973E07199D} = {3714EB97-59C0-4A7A-B066-4C704A121862}
		{69F4DE38-3AEB-4FD4-8C85-53B077BC7D95} = {3714EB97-59C0-4A7A-B066-4C704A121862}
		{5521E157-4203-47CD-8BDC-0CA74E3D7243} = {85E935D6-CB75-4C3A-AADB-7B045EE37E93}
		{7F9CD3C9-E012-42F9-AF71-F40111E4CBFF} = {5521E157-4203-47CD-8BDC-0CA74E3D7243}
		{AA7032DF-A6F0-4C1F-9FA1-59A368416F87} = {EABC16B6-CD9C-4296-B630-6DD623E1F33A}
		{EABC16B6-CD9C-4296-B630-6DD623E1F33A} = {85E935D6-CB75-4C3A-AADB-7B045EE37E93}
		{FE6C37E6-347B-4327-AEB2-5F46684AF35C} = {85E935D6-CB75-4C3A-AADB-7B045EE37E93}
		{F5797541-9CD6-4EF3-84DF-2889F7270983} = {FE6C37E6-347B-4327-AEB2-5F46684AF35C}
	EndGlobalSection
EndGlobal
